
Microsoft Visual Studio Solution File, Format Version 12.00
# Visual Studio 2013
VisualStudioVersion = 12.0.21005.1
MinimumVisualStudioVersion = 10.0.40219.1
Project("{FAE04EC0-301F-11D3-BF4B-00C04F79EFBC}") = "TPForum", "TPForum\TPForum.csproj", "{6127234E-0534-48A8-B9CE-7F909189F636}"
EndProject
Project("{FAE04EC0-301F-11D3-BF4B-00C04F79EFBC}") = "ForumTP", "..\..\..\..\Desktop\github\ForumTP\ForumTP\ForumTP.csproj", "{E8C87E89-61CF-4980-A1E4-F09E2F5C0819}"
EndProject
Global
	GlobalSection(SolutionConfigurationPlatforms) = preSolution
		Debug|Any CPU = Debug|Any CPU
		Release|Any CPU = Release|Any CPU
	EndGlobalSection
	GlobalSection(ProjectConfigurationPlatforms) = postSolution
		{6127234E-0534-48A8-B9CE-7F909189F636}.Debug|Any CPU.ActiveCfg = Debug|Any CPU
		{6127234E-0534-48A8-B9CE-7F909189F636}.Debug|Any CPU.Build.0 = Debug|Any CPU
		{6127234E-0534-48A8-B9CE-7F909189F636}.Release|Any CPU.ActiveCfg = Release|Any CPU
		{6127234E-0534-48A8-B9CE-7F909189F636}.Release|Any CPU.Build.0 = Release|Any CPU
		{E8C87E89-61CF-4980-A1E4-F09E2F5C0819}.Debug|Any CPU.ActiveCfg = Debug|Any CPU
		{E8C87E89-61CF-4980-A1E4-F09E2F5C0819}.Debug|Any CPU.Build.0 = Debug|Any CPU
		{E8C87E89-61CF-4980-A1E4-F09E2F5C0819}.Release|Any CPU.ActiveCfg = Release|Any CPU
		{E8C87E89-61CF-4980-A1E4-F09E2F5C0819}.Release|Any CPU.Build.0 = Release|Any CPU
	EndGlobalSection
	GlobalSection(SolutionProperties) = preSolution
		HideSolutionNode = FALSE
	EndGlobalSection
EndGlobal
